
Microsoft Visual Studio Solution File, Format Version 12.00
# Visual Studio 15
VisualStudioVersion = 15.0.26124.0
MinimumVisualStudioVersion = 15.0.26124.0
Project("{2150E333-8FDC-42A3-9474-1A3956D46DE8}") = "Module1", "Module1", "{6AEBDAFD-25F9-4787-A3C8-5E7631ED71A8}"
EndProject
Project("{F2A71F9B-5D33-465A-A702-920D77279786}") = "Application", "Module1\Application\Application.fsproj", "{EBC8203C-8F54-4429-AD28-C0EDD45D9A52}"
EndProject
Project("{F2A71F9B-5D33-465A-A702-920D77279786}") = "Tests", "Module1\Tests\Tests.fsproj", "{8EAF483D-535F-4CD6-AC98-4D828543B085}"
EndProject
Project("{2150E333-8FDC-42A3-9474-1A3956D46DE8}") = "Module2", "Module2", "{3EEDFB7B-016C-480D-A363-DF291DE7D5D2}"
EndProject
Project("{F2A71F9B-5D33-465A-A702-920D77279786}") = "Application", "Module2\Application\Application.fsproj", "{7C108125-6659-41BC-9437-EA64164F0CE4}"
EndProject
Project("{F2A71F9B-5D33-465A-A702-920D77279786}") = "Tests", "Module2\Tests\Tests.fsproj", "{60535DF9-ABD1-43D9-8411-9E8C3D25ACDF}"
EndProject
Project("{2150E333-8FDC-42A3-9474-1A3956D46DE8}") = "Module3", "Module3", "{C2417AC3-A6B8-46BC-83CF-6DFD9517F2DC}"
EndProject
Project("{F2A71F9B-5D33-465A-A702-920D77279786}") = "Application", "Module3\Application\Application.fsproj", "{3F557C45-A5C6-487E-9612-96101172874C}"
EndProject
Project("{F2A71F9B-5D33-465A-A702-920D77279786}") = "Tests", "Module3\Tests\Tests.fsproj", "{C26CA9FD-FB68-45BB-872C-57D78CA7CE4D}"
EndProject
Project("{2150E333-8FDC-42A3-9474-1A3956D46DE8}") = "Module4", "Module4", "{769CCC50-5EB4-40F7-86F2-F6228D0974D0}"
EndProject
Project("{F2A71F9B-5D33-465A-A702-920D77279786}") = "Application", "Module4\Application\Application.fsproj", "{B3CABFE5-36F6-4657-9E31-16DD822B0220}"
EndProject
Project("{F2A71F9B-5D33-465A-A702-920D77279786}") = "Tests", "Module4\Tests\Tests.fsproj", "{3CEDC805-64E4-4E9C-A98A-6452F7F0F415}"
EndProject
Global
	GlobalSection(SolutionConfigurationPlatforms) = preSolution
		Debug|Any CPU = Debug|Any CPU
		Debug|x64 = Debug|x64
		Debug|x86 = Debug|x86
		Release|Any CPU = Release|Any CPU
		Release|x64 = Release|x64
		Release|x86 = Release|x86
	EndGlobalSection
	GlobalSection(SolutionProperties) = preSolution
		HideSolutionNode = FALSE
	EndGlobalSection
	GlobalSection(ProjectConfigurationPlatforms) = postSolution
		{EBC8203C-8F54-4429-AD28-C0EDD45D9A52}.Debug|Any CPU.ActiveCfg = Debug|Any CPU
		{EBC8203C-8F54-4429-AD28-C0EDD45D9A52}.Debug|Any CPU.Build.0 = Debug|Any CPU
		{EBC8203C-8F54-4429-AD28-C0EDD45D9A52}.Debug|x64.ActiveCfg = Debug|Any CPU
		{EBC8203C-8F54-4429-AD28-C0EDD45D9A52}.Debug|x64.Build.0 = Debug|Any CPU
		{EBC8203C-8F54-4429-AD28-C0EDD45D9A52}.Debug|x86.ActiveCfg = Debug|Any CPU
		{EBC8203C-8F54-4429-AD28-C0EDD45D9A52}.Debug|x86.Build.0 = Debug|Any CPU
		{EBC8203C-8F54-4429-AD28-C0EDD45D9A52}.Release|Any CPU.ActiveCfg = Release|Any CPU
		{EBC8203C-8F54-4429-AD28-C0EDD45D9A52}.Release|Any CPU.Build.0 = Release|Any CPU
		{EBC8203C-8F54-4429-AD28-C0EDD45D9A52}.Release|x64.ActiveCfg = Release|Any CPU
		{EBC8203C-8F54-4429-AD28-C0EDD45D9A52}.Release|x64.Build.0 = Release|Any CPU
		{EBC8203C-8F54-4429-AD28-C0EDD45D9A52}.Release|x86.ActiveCfg = Release|Any CPU
		{EBC8203C-8F54-4429-AD28-C0EDD45D9A52}.Release|x86.Build.0 = Release|Any CPU
		{8EAF483D-535F-4CD6-AC98-4D828543B085}.Debug|Any CPU.ActiveCfg = Debug|Any CPU
		{8EAF483D-535F-4CD6-AC98-4D828543B085}.Debug|Any CPU.Build.0 = Debug|Any CPU
		{8EAF483D-535F-4CD6-AC98-4D828543B085}.Debug|x64.ActiveCfg = Debug|Any CPU
		{8EAF483D-535F-4CD6-AC98-4D828543B085}.Debug|x64.Build.0 = Debug|Any CPU
		{8EAF483D-535F-4CD6-AC98-4D828543B085}.Debug|x86.ActiveCfg = Debug|Any CPU
		{8EAF483D-535F-4CD6-AC98-4D828543B085}.Debug|x86.Build.0 = Debug|Any CPU
		{8EAF483D-535F-4CD6-AC98-4D828543B085}.Release|Any CPU.ActiveCfg = Release|Any CPU
		{8EAF483D-535F-4CD6-AC98-4D828543B085}.Release|Any CPU.Build.0 = Release|Any CPU
		{8EAF483D-535F-4CD6-AC98-4D828543B085}.Release|x64.ActiveCfg = Release|Any CPU
		{8EAF483D-535F-4CD6-AC98-4D828543B085}.Release|x64.Build.0 = Release|Any CPU
		{8EAF483D-535F-4CD6-AC98-4D828543B085}.Release|x86.ActiveCfg = Release|Any CPU
		{8EAF483D-535F-4CD6-AC98-4D828543B085}.Release|x86.Build.0 = Release|Any CPU
		{7C108125-6659-41BC-9437-EA64164F0CE4}.Debug|Any CPU.ActiveCfg = Debug|Any CPU
		{7C108125-6659-41BC-9437-EA64164F0CE4}.Debug|Any CPU.Build.0 = Debug|Any CPU
		{7C108125-6659-41BC-9437-EA64164F0CE4}.Debug|x64.ActiveCfg = Debug|Any CPU
		{7C108125-6659-41BC-9437-EA64164F0CE4}.Debug|x64.Build.0 = Debug|Any CPU
		{7C108125-6659-41BC-9437-EA64164F0CE4}.Debug|x86.ActiveCfg = Debug|Any CPU
		{7C108125-6659-41BC-9437-EA64164F0CE4}.Debug|x86.Build.0 = Debug|Any CPU
		{7C108125-6659-41BC-9437-EA64164F0CE4}.Release|Any CPU.ActiveCfg = Release|Any CPU
		{7C108125-6659-41BC-9437-EA64164F0CE4}.Release|Any CPU.Build.0 = Release|Any CPU
		{7C108125-6659-41BC-9437-EA64164F0CE4}.Release|x64.ActiveCfg = Release|Any CPU
		{7C108125-6659-41BC-9437-EA64164F0CE4}.Release|x64.Build.0 = Release|Any CPU
		{7C108125-6659-41BC-9437-EA64164F0CE4}.Release|x86.ActiveCfg = Release|Any CPU
		{7C108125-6659-41BC-9437-EA64164F0CE4}.Release|x86.Build.0 = Release|Any CPU
		{60535DF9-ABD1-43D9-8411-9E8C3D25ACDF}.Debug|Any CPU.ActiveCfg = Debug|Any CPU
		{60535DF9-ABD1-43D9-8411-9E8C3D25ACDF}.Debug|Any CPU.Build.0 = Debug|Any CPU
		{60535DF9-ABD1-43D9-8411-9E8C3D25ACDF}.Debug|x64.ActiveCfg = Debug|Any CPU
		{60535DF9-ABD1-43D9-8411-9E8C3D25ACDF}.Debug|x64.Build.0 = Debug|Any CPU
		{60535DF9-ABD1-43D9-8411-9E8C3D25ACDF}.Debug|x86.ActiveCfg = Debug|Any CPU
		{60535DF9-ABD1-43D9-8411-9E8C3D25ACDF}.Debug|x86.Build.0 = Debug|Any CPU
		{60535DF9-ABD1-43D9-8411-9E8C3D25ACDF}.Release|Any CPU.ActiveCfg = Release|Any CPU
		{60535DF9-ABD1-43D9-8411-9E8C3D25ACDF}.Release|Any CPU.Build.0 = Release|Any CPU
		{60535DF9-ABD1-43D9-8411-9E8C3D25ACDF}.Release|x64.ActiveCfg = Release|Any CPU
		{60535DF9-ABD1-43D9-8411-9E8C3D25ACDF}.Release|x64.Build.0 = Release|Any CPU
		{60535DF9-ABD1-43D9-8411-9E8C3D25ACDF}.Release|x86.ActiveCfg = Release|Any CPU
		{60535DF9-ABD1-43D9-8411-9E8C3D25ACDF}.Release|x86.Build.0 = Release|Any CPU
		{3F557C45-A5C6-487E-9612-96101172874C}.Debug|Any CPU.ActiveCfg = Debug|Any CPU
		{3F557C45-A5C6-487E-9612-96101172874C}.Debug|Any CPU.Build.0 = Debug|Any CPU
		{3F557C45-A5C6-487E-9612-96101172874C}.Debug|x64.ActiveCfg = Debug|Any CPU
		{3F557C45-A5C6-487E-9612-96101172874C}.Debug|x64.Build.0 = Debug|Any CPU
		{3F557C45-A5C6-487E-9612-96101172874C}.Debug|x86.ActiveCfg = Debug|Any CPU
		{3F557C45-A5C6-487E-9612-96101172874C}.Debug|x86.Build.0 = Debug|Any CPU
		{3F557C45-A5C6-487E-9612-96101172874C}.Release|Any CPU.ActiveCfg = Release|Any CPU
		{3F557C45-A5C6-487E-9612-96101172874C}.Release|Any CPU.Build.0 = Release|Any CPU
		{3F557C45-A5C6-487E-9612-96101172874C}.Release|x64.ActiveCfg = Release|Any CPU
		{3F557C45-A5C6-487E-9612-96101172874C}.Release|x64.Build.0 = Release|Any CPU
		{3F557C45-A5C6-487E-9612-96101172874C}.Release|x86.ActiveCfg = Release|Any CPU
		{3F557C45-A5C6-487E-9612-96101172874C}.Release|x86.Build.0 = Release|Any CPU
		{C26CA9FD-FB68-45BB-872C-57D78CA7CE4D}.Debug|Any CPU.ActiveCfg = Debug|Any CPU
		{C26CA9FD-FB68-45BB-872C-57D78CA7CE4D}.Debug|Any CPU.Build.0 = Debug|Any CPU
		{C26CA9FD-FB68-45BB-872C-57D78CA7CE4D}.Debug|x64.ActiveCfg = Debug|Any CPU
		{C26CA9FD-FB68-45BB-872C-57D78CA7CE4D}.Debug|x64.Build.0 = Debug|Any CPU
		{C26CA9FD-FB68-45BB-872C-57D78CA7CE4D}.Debug|x86.ActiveCfg = Debug|Any CPU
		{C26CA9FD-FB68-45BB-872C-57D78CA7CE4D}.Debug|x86.Build.0 = Debug|Any CPU
		{C26CA9FD-FB68-45BB-872C-57D78CA7CE4D}.Release|Any CPU.ActiveCfg = Release|Any CPU
		{C26CA9FD-FB68-45BB-872C-57D78CA7CE4D}.Release|Any CPU.Build.0 = Release|Any CPU
		{C26CA9FD-FB68-45BB-872C-57D78CA7CE4D}.Release|x64.ActiveCfg = Release|Any CPU
		{C26CA9FD-FB68-45BB-872C-57D78CA7CE4D}.Release|x64.Build.0 = Release|Any CPU
		{C26CA9FD-FB68-45BB-872C-57D78CA7CE4D}.Release|x86.ActiveCfg = Release|Any CPU
		{C26CA9FD-FB68-45BB-872C-57D78CA7CE4D}.Release|x86.Build.0 = Release|Any CPU
		{B3CABFE5-36F6-4657-9E31-16DD822B0220}.Debug|Any CPU.ActiveCfg = Debug|Any CPU
		{B3CABFE5-36F6-4657-9E31-16DD822B0220}.Debug|Any CPU.Build.0 = Debug|Any CPU
		{B3CABFE5-36F6-4657-9E31-16DD822B0220}.Debug|x64.ActiveCfg = Debug|Any CPU
		{B3CABFE5-36F6-4657-9E31-16DD822B0220}.Debug|x64.Build.0 = Debug|Any CPU
		{B3CABFE5-36F6-4657-9E31-16DD822B0220}.Debug|x86.ActiveCfg = Debug|Any CPU
		{B3CABFE5-36F6-4657-9E31-16DD822B0220}.Debug|x86.Build.0 = Debug|Any CPU
		{B3CABFE5-36F6-4657-9E31-16DD822B0220}.Release|Any CPU.ActiveCfg = Release|Any CPU
		{B3CABFE5-36F6-4657-9E31-16DD822B0220}.Release|Any CPU.Build.0 = Release|Any CPU
		{B3CABFE5-36F6-4657-9E31-16DD822B0220}.Release|x64.ActiveCfg = Release|Any CPU
		{B3CABFE5-36F6-4657-9E31-16DD822B0220}.Release|x64.Build.0 = Release|Any CPU
		{B3CABFE5-36F6-4657-9E31-16DD822B0220}.Release|x86.ActiveCfg = Release|Any CPU
		{B3CABFE5-36F6-4657-9E31-16DD822B0220}.Release|x86.Build.0 = Release|Any CPU
		{3CEDC805-64E4-4E9C-A98A-6452F7F0F415}.Debug|Any CPU.ActiveCfg = Debug|Any CPU
		{3CEDC805-64E4-4E9C-A98A-6452F7F0F415}.Debug|Any CPU.Build.0 = Debug|Any CPU
		{3CEDC805-64E4-4E9C-A98A-6452F7F0F415}.Debug|x64.ActiveCfg = Debug|Any CPU
		{3CEDC805-64E4-4E9C-A98A-6452F7F0F415}.Debug|x64.Build.0 = Debug|Any CPU
		{3CEDC805-64E4-4E9C-A98A-6452F7F0F415}.Debug|x86.ActiveCfg = Debug|Any CPU
		{3CEDC805-64E4-4E9C-A98A-6452F7F0F415}.Debug|x86.Build.0 = Debug|Any CPU
		{3CEDC805-64E4-4E9C-A98A-6452F7F0F415}.Release|Any CPU.ActiveCfg = Release|Any CPU
		{3CEDC805-64E4-4E9C-A98A-6452F7F0F415}.Release|Any CPU.Build.0 = Release|Any CPU
		{3CEDC805-64E4-4E9C-A98A-6452F7F0F415}.Release|x64.ActiveCfg = Release|Any CPU
		{3CEDC805-64E4-4E9C-A98A-6452F7F0F415}.Release|x64.Build.0 = Release|Any CPU
		{3CEDC805-64E4-4E9C-A98A-6452F7F0F415}.Release|x86.ActiveCfg = Release|Any CPU
		{3CEDC805-64E4-4E9C-A98A-6452F7F0F415}.Release|x86.Build.0 = Release|Any CPU
	EndGlobalSection
	GlobalSection(NestedProjects) = preSolution
		{EBC8203C-8F54-4429-AD28-C0EDD45D9A52} = {6AEBDAFD-25F9-4787-A3C8-5E7631ED71A8}
		{8EAF483D-535F-4CD6-AC98-4D828543B085} = {6AEBDAFD-25F9-4787-A3C8-5E7631ED71A8}
		{7C108125-6659-41BC-9437-EA64164F0CE4} = {3EEDFB7B-016C-480D-A363-DF291DE7D5D2}
		{60535DF9-ABD1-43D9-8411-9E8C3D25ACDF} = {3EEDFB7B-016C-480D-A363-DF291DE7D5D2}
		{3F557C45-A5C6-487E-9612-96101172874C} = {C2417AC3-A6B8-46BC-83CF-6DFD9517F2DC}
		{C26CA9FD-FB68-45BB-872C-57D78CA7CE4D} = {C2417AC3-A6B8-46BC-83CF-6DFD9517F2DC}
		{B3CABFE5-36F6-4657-9E31-16DD822B0220} = {769CCC50-5EB4-40F7-86F2-F6228D0974D0}
		{3CEDC805-64E4-4E9C-A98A-6452F7F0F415} = {769CCC50-5EB4-40F7-86F2-F6228D0974D0}
	EndGlobalSection
EndGlobal
