
Microsoft Visual Studio Solution File, Format Version 12.00
# Visual Studio 14
VisualStudioVersion = 14.0.25123.0
MinimumVisualStudioVersion = 10.0.40219.1
Project("{2150E333-8FDC-42A3-9474-1A3956D46DE8}") = "Module1", "Module1", "{0ECC2A4B-D33B-4B6B-AB75-9F2A11E20283}"
	ProjectSection(SolutionItems) = preProject
		Module1\runtests.bat = Module1\runtests.bat
		Module1\RunTests.fsx = Module1\RunTests.fsx
		Module1\runtests.sh = Module1\runtests.sh
	EndProjectSection
EndProject
Project("{F2A71F9B-5D33-465A-A702-920D77279786}") = "Application", "Module1\Application\Application.fsproj", "{1ECBF45C-466A-4559-A6CB-39DC98276749}"
EndProject
Project("{F2A71F9B-5D33-465A-A702-920D77279786}") = "Tests", "Module1\Tests\Tests.fsproj", "{4D88340D-47E1-4327-9BE6-413CEEDC29DC}"
EndProject
Project("{2150E333-8FDC-42A3-9474-1A3956D46DE8}") = "Module2", "Module2", "{88521784-CB87-49D5-B933-1C12A0086E37}"
	ProjectSection(SolutionItems) = preProject
		Module2\runtests.bat = Module2\runtests.bat
		Module2\RunTests.fsx = Module2\RunTests.fsx
		Module2\runtests.sh = Module2\runtests.sh
	EndProjectSection
EndProject
Project("{F2A71F9B-5D33-465A-A702-920D77279786}") = "Application", "Module2\Application\Application.fsproj", "{73F16791-F9C2-405E-8387-F1258F94CF5A}"
EndProject
Project("{F2A71F9B-5D33-465A-A702-920D77279786}") = "Tests", "Module2\Tests\Tests.fsproj", "{F0CC6D06-C57F-4730-80AF-46BC0686BDB2}"
EndProject
Project("{2150E333-8FDC-42A3-9474-1A3956D46DE8}") = "Module3", "Module3", "{99D8B7F5-E8D2-4549-8298-62B02A2759D4}"
	ProjectSection(SolutionItems) = preProject
		Module3\runtests.bat = Module3\runtests.bat
		Module3\RunTests.fsx = Module3\RunTests.fsx
		Module3\runtests.sh = Module3\runtests.sh
	EndProjectSection
EndProject
Project("{F2A71F9B-5D33-465A-A702-920D77279786}") = "Application", "Module3\Application\Application.fsproj", "{2DEE6BF7-CEBE-41F6-8C47-DFE74DAB03BE}"
EndProject
Project("{2150E333-8FDC-42A3-9474-1A3956D46DE8}") = "Module4", "Module4", "{DBB2E132-7D57-42AB-8A8B-0BA60FBDE1A4}"
	ProjectSection(SolutionItems) = preProject
		Module4\runapp.bat = Module4\runapp.bat
		Module4\RunApp.fsx = Module4\RunApp.fsx
		Module4\runapp.sh = Module4\runapp.sh
		Module4\runtests.bat = Module4\runtests.bat
		Module4\RunTests.fsx = Module4\RunTests.fsx
		Module4\runtests.sh = Module4\runtests.sh
	EndProjectSection
EndProject
Project("{F2A71F9B-5D33-465A-A702-920D77279786}") = "Application", "Module4\Application\Application.fsproj", "{9B807A0C-1B0D-4B4F-B6AD-4F0ECB46EF90}"
EndProject
Project("{F2A71F9B-5D33-465A-A702-920D77279786}") = "Tests", "Module4\Tests\Tests.fsproj", "{3ED68538-90DB-4DCF-9EF6-8C96132C7EB0}"
EndProject
Project("{F2A71F9B-5D33-465A-A702-920D77279786}") = "Tests", "Module3\Tests\Tests.fsproj", "{07063786-F560-4A92-9727-00051B202964}"
EndProject
Project("{2150E333-8FDC-42A3-9474-1A3956D46DE8}") = "packet", "packet", "{FDC3C315-25F4-4899-9835-E4B8A28A0975}"
	ProjectSection(SolutionItems) = preProject
		..\paket.dependencies = ..\paket.dependencies
	EndProjectSection
EndProject
Global
	GlobalSection(SolutionConfigurationPlatforms) = preSolution
		Debug|Any CPU = Debug|Any CPU
		Release|Any CPU = Release|Any CPU
	EndGlobalSection
	GlobalSection(ProjectConfigurationPlatforms) = postSolution
		{1ECBF45C-466A-4559-A6CB-39DC98276749}.Debug|Any CPU.ActiveCfg = Debug|Any CPU
		{1ECBF45C-466A-4559-A6CB-39DC98276749}.Debug|Any CPU.Build.0 = Debug|Any CPU
		{1ECBF45C-466A-4559-A6CB-39DC98276749}.Release|Any CPU.ActiveCfg = Release|Any CPU
		{1ECBF45C-466A-4559-A6CB-39DC98276749}.Release|Any CPU.Build.0 = Release|Any CPU
		{4D88340D-47E1-4327-9BE6-413CEEDC29DC}.Debug|Any CPU.ActiveCfg = Debug|Any CPU
		{4D88340D-47E1-4327-9BE6-413CEEDC29DC}.Debug|Any CPU.Build.0 = Debug|Any CPU
		{4D88340D-47E1-4327-9BE6-413CEEDC29DC}.Release|Any CPU.ActiveCfg = Release|Any CPU
		{4D88340D-47E1-4327-9BE6-413CEEDC29DC}.Release|Any CPU.Build.0 = Release|Any CPU
		{73F16791-F9C2-405E-8387-F1258F94CF5A}.Debug|Any CPU.ActiveCfg = Debug|Any CPU
		{73F16791-F9C2-405E-8387-F1258F94CF5A}.Debug|Any CPU.Build.0 = Debug|Any CPU
		{73F16791-F9C2-405E-8387-F1258F94CF5A}.Release|Any CPU.ActiveCfg = Release|Any CPU
		{73F16791-F9C2-405E-8387-F1258F94CF5A}.Release|Any CPU.Build.0 = Release|Any CPU
		{F0CC6D06-C57F-4730-80AF-46BC0686BDB2}.Debug|Any CPU.ActiveCfg = Debug|Any CPU
		{F0CC6D06-C57F-4730-80AF-46BC0686BDB2}.Debug|Any CPU.Build.0 = Debug|Any CPU
		{F0CC6D06-C57F-4730-80AF-46BC0686BDB2}.Release|Any CPU.ActiveCfg = Release|Any CPU
		{F0CC6D06-C57F-4730-80AF-46BC0686BDB2}.Release|Any CPU.Build.0 = Release|Any CPU
		{2DEE6BF7-CEBE-41F6-8C47-DFE74DAB03BE}.Debug|Any CPU.ActiveCfg = Debug|Any CPU
		{2DEE6BF7-CEBE-41F6-8C47-DFE74DAB03BE}.Debug|Any CPU.Build.0 = Debug|Any CPU
		{2DEE6BF7-CEBE-41F6-8C47-DFE74DAB03BE}.Release|Any CPU.ActiveCfg = Release|Any CPU
		{2DEE6BF7-CEBE-41F6-8C47-DFE74DAB03BE}.Release|Any CPU.Build.0 = Release|Any CPU
		{9B807A0C-1B0D-4B4F-B6AD-4F0ECB46EF90}.Debug|Any CPU.ActiveCfg = Debug|Any CPU
		{9B807A0C-1B0D-4B4F-B6AD-4F0ECB46EF90}.Debug|Any CPU.Build.0 = Debug|Any CPU
		{9B807A0C-1B0D-4B4F-B6AD-4F0ECB46EF90}.Release|Any CPU.ActiveCfg = Release|Any CPU
		{9B807A0C-1B0D-4B4F-B6AD-4F0ECB46EF90}.Release|Any CPU.Build.0 = Release|Any CPU
		{3ED68538-90DB-4DCF-9EF6-8C96132C7EB0}.Debug|Any CPU.ActiveCfg = Debug|Any CPU
		{3ED68538-90DB-4DCF-9EF6-8C96132C7EB0}.Debug|Any CPU.Build.0 = Debug|Any CPU
		{3ED68538-90DB-4DCF-9EF6-8C96132C7EB0}.Release|Any CPU.ActiveCfg = Release|Any CPU
		{3ED68538-90DB-4DCF-9EF6-8C96132C7EB0}.Release|Any CPU.Build.0 = Release|Any CPU
		{07063786-F560-4A92-9727-00051B202964}.Debug|Any CPU.ActiveCfg = Debug|Any CPU
		{07063786-F560-4A92-9727-00051B202964}.Debug|Any CPU.Build.0 = Debug|Any CPU
		{07063786-F560-4A92-9727-00051B202964}.Release|Any CPU.ActiveCfg = Release|Any CPU
		{07063786-F560-4A92-9727-00051B202964}.Release|Any CPU.Build.0 = Release|Any CPU
	EndGlobalSection
	GlobalSection(SolutionProperties) = preSolution
		HideSolutionNode = FALSE
	EndGlobalSection
	GlobalSection(NestedProjects) = preSolution
		{1ECBF45C-466A-4559-A6CB-39DC98276749} = {0ECC2A4B-D33B-4B6B-AB75-9F2A11E20283}
		{4D88340D-47E1-4327-9BE6-413CEEDC29DC} = {0ECC2A4B-D33B-4B6B-AB75-9F2A11E20283}
		{73F16791-F9C2-405E-8387-F1258F94CF5A} = {88521784-CB87-49D5-B933-1C12A0086E37}
		{F0CC6D06-C57F-4730-80AF-46BC0686BDB2} = {88521784-CB87-49D5-B933-1C12A0086E37}
		{2DEE6BF7-CEBE-41F6-8C47-DFE74DAB03BE} = {99D8B7F5-E8D2-4549-8298-62B02A2759D4}
		{9B807A0C-1B0D-4B4F-B6AD-4F0ECB46EF90} = {DBB2E132-7D57-42AB-8A8B-0BA60FBDE1A4}
		{3ED68538-90DB-4DCF-9EF6-8C96132C7EB0} = {DBB2E132-7D57-42AB-8A8B-0BA60FBDE1A4}
		{07063786-F560-4A92-9727-00051B202964} = {99D8B7F5-E8D2-4549-8298-62B02A2759D4}
	EndGlobalSection
EndGlobal
