
Microsoft Visual Studio Solution File, Format Version 12.00
# Visual Studio 15
VisualStudioVersion = 15.0.26124.0
MinimumVisualStudioVersion = 15.0.26124.0
Project("{2150E333-8FDC-42A3-9474-1A3956D46DE8}") = "Module1", "Module1", "{E022C6AD-65E1-4C44-A463-02C4A74B8EF1}"
EndProject
Project("{F2A71F9B-5D33-465A-A702-920D77279786}") = "Application", "Module1\Application\Application.fsproj", "{6A431D66-F545-441A-82CD-5B85ADD0F7C0}"
EndProject
Project("{F2A71F9B-5D33-465A-A702-920D77279786}") = "Tests", "Module1\Tests\Tests.fsproj", "{DDA9C6FC-F823-4C19-8424-E2AA84BFFFF6}"
EndProject
Project("{2150E333-8FDC-42A3-9474-1A3956D46DE8}") = "Module2", "Module2", "{DD79A08C-010B-4EC8-895F-2AFEB2965E98}"
EndProject
Project("{F2A71F9B-5D33-465A-A702-920D77279786}") = "Application", "Module2\Application\Application.fsproj", "{BE23CC93-43AC-4A50-926F-3786F5B4E70A}"
EndProject
Project("{F2A71F9B-5D33-465A-A702-920D77279786}") = "Tests", "Module2\Tests\Tests.fsproj", "{FE0D694D-C926-47F1-B803-24D950F081AF}"
EndProject
Project("{2150E333-8FDC-42A3-9474-1A3956D46DE8}") = "Module3", "Module3", "{D7B10CEF-35E3-4555-9FD0-9D6D398A2E06}"
EndProject
Project("{F2A71F9B-5D33-465A-A702-920D77279786}") = "Application", "Module3\Application\Application.fsproj", "{369DFD0D-5358-4440-8F27-49FD9FC288A7}"
EndProject
Project("{F2A71F9B-5D33-465A-A702-920D77279786}") = "Tests", "Module3\Tests\Tests.fsproj", "{B6ED19F4-06B9-446A-A2D1-6064AA5AC641}"
EndProject
Project("{2150E333-8FDC-42A3-9474-1A3956D46DE8}") = "Module4", "Module4", "{90309E30-02DF-4E18-A43D-55438D7A521D}"
EndProject
Project("{F2A71F9B-5D33-465A-A702-920D77279786}") = "Application", "Module4\Application\Application.fsproj", "{69D1888C-EAF2-4DF0-BCD1-0BB9A481E568}"
EndProject
Project("{F2A71F9B-5D33-465A-A702-920D77279786}") = "Tests", "Module4\Tests\Tests.fsproj", "{2C2EB367-DAE0-4DB0-9CA6-048D332DEDFB}"
EndProject
Global
	GlobalSection(SolutionConfigurationPlatforms) = preSolution
		Debug|Any CPU = Debug|Any CPU
		Debug|x64 = Debug|x64
		Debug|x86 = Debug|x86
		Release|Any CPU = Release|Any CPU
		Release|x64 = Release|x64
		Release|x86 = Release|x86
	EndGlobalSection
	GlobalSection(SolutionProperties) = preSolution
		HideSolutionNode = FALSE
	EndGlobalSection
	GlobalSection(ProjectConfigurationPlatforms) = postSolution
		{6A431D66-F545-441A-82CD-5B85ADD0F7C0}.Debug|Any CPU.ActiveCfg = Debug|Any CPU
		{6A431D66-F545-441A-82CD-5B85ADD0F7C0}.Debug|Any CPU.Build.0 = Debug|Any CPU
		{6A431D66-F545-441A-82CD-5B85ADD0F7C0}.Debug|x64.ActiveCfg = Debug|Any CPU
		{6A431D66-F545-441A-82CD-5B85ADD0F7C0}.Debug|x64.Build.0 = Debug|Any CPU
		{6A431D66-F545-441A-82CD-5B85ADD0F7C0}.Debug|x86.ActiveCfg = Debug|Any CPU
		{6A431D66-F545-441A-82CD-5B85ADD0F7C0}.Debug|x86.Build.0 = Debug|Any CPU
		{6A431D66-F545-441A-82CD-5B85ADD0F7C0}.Release|Any CPU.ActiveCfg = Release|Any CPU
		{6A431D66-F545-441A-82CD-5B85ADD0F7C0}.Release|Any CPU.Build.0 = Release|Any CPU
		{6A431D66-F545-441A-82CD-5B85ADD0F7C0}.Release|x64.ActiveCfg = Release|Any CPU
		{6A431D66-F545-441A-82CD-5B85ADD0F7C0}.Release|x64.Build.0 = Release|Any CPU
		{6A431D66-F545-441A-82CD-5B85ADD0F7C0}.Release|x86.ActiveCfg = Release|Any CPU
		{6A431D66-F545-441A-82CD-5B85ADD0F7C0}.Release|x86.Build.0 = Release|Any CPU
		{DDA9C6FC-F823-4C19-8424-E2AA84BFFFF6}.Debug|Any CPU.ActiveCfg = Debug|Any CPU
		{DDA9C6FC-F823-4C19-8424-E2AA84BFFFF6}.Debug|Any CPU.Build.0 = Debug|Any CPU
		{DDA9C6FC-F823-4C19-8424-E2AA84BFFFF6}.Debug|x64.ActiveCfg = Debug|Any CPU
		{DDA9C6FC-F823-4C19-8424-E2AA84BFFFF6}.Debug|x64.Build.0 = Debug|Any CPU
		{DDA9C6FC-F823-4C19-8424-E2AA84BFFFF6}.Debug|x86.ActiveCfg = Debug|Any CPU
		{DDA9C6FC-F823-4C19-8424-E2AA84BFFFF6}.Debug|x86.Build.0 = Debug|Any CPU
		{DDA9C6FC-F823-4C19-8424-E2AA84BFFFF6}.Release|Any CPU.ActiveCfg = Release|Any CPU
		{DDA9C6FC-F823-4C19-8424-E2AA84BFFFF6}.Release|Any CPU.Build.0 = Release|Any CPU
		{DDA9C6FC-F823-4C19-8424-E2AA84BFFFF6}.Release|x64.ActiveCfg = Release|Any CPU
		{DDA9C6FC-F823-4C19-8424-E2AA84BFFFF6}.Release|x64.Build.0 = Release|Any CPU
		{DDA9C6FC-F823-4C19-8424-E2AA84BFFFF6}.Release|x86.ActiveCfg = Release|Any CPU
		{DDA9C6FC-F823-4C19-8424-E2AA84BFFFF6}.Release|x86.Build.0 = Release|Any CPU
		{BE23CC93-43AC-4A50-926F-3786F5B4E70A}.Debug|Any CPU.ActiveCfg = Debug|Any CPU
		{BE23CC93-43AC-4A50-926F-3786F5B4E70A}.Debug|Any CPU.Build.0 = Debug|Any CPU
		{BE23CC93-43AC-4A50-926F-3786F5B4E70A}.Debug|x64.ActiveCfg = Debug|Any CPU
		{BE23CC93-43AC-4A50-926F-3786F5B4E70A}.Debug|x64.Build.0 = Debug|Any CPU
		{BE23CC93-43AC-4A50-926F-3786F5B4E70A}.Debug|x86.ActiveCfg = Debug|Any CPU
		{BE23CC93-43AC-4A50-926F-3786F5B4E70A}.Debug|x86.Build.0 = Debug|Any CPU
		{BE23CC93-43AC-4A50-926F-3786F5B4E70A}.Release|Any CPU.ActiveCfg = Release|Any CPU
		{BE23CC93-43AC-4A50-926F-3786F5B4E70A}.Release|Any CPU.Build.0 = Release|Any CPU
		{BE23CC93-43AC-4A50-926F-3786F5B4E70A}.Release|x64.ActiveCfg = Release|Any CPU
		{BE23CC93-43AC-4A50-926F-3786F5B4E70A}.Release|x64.Build.0 = Release|Any CPU
		{BE23CC93-43AC-4A50-926F-3786F5B4E70A}.Release|x86.ActiveCfg = Release|Any CPU
		{BE23CC93-43AC-4A50-926F-3786F5B4E70A}.Release|x86.Build.0 = Release|Any CPU
		{FE0D694D-C926-47F1-B803-24D950F081AF}.Debug|Any CPU.ActiveCfg = Debug|Any CPU
		{FE0D694D-C926-47F1-B803-24D950F081AF}.Debug|Any CPU.Build.0 = Debug|Any CPU
		{FE0D694D-C926-47F1-B803-24D950F081AF}.Debug|x64.ActiveCfg = Debug|Any CPU
		{FE0D694D-C926-47F1-B803-24D950F081AF}.Debug|x64.Build.0 = Debug|Any CPU
		{FE0D694D-C926-47F1-B803-24D950F081AF}.Debug|x86.ActiveCfg = Debug|Any CPU
		{FE0D694D-C926-47F1-B803-24D950F081AF}.Debug|x86.Build.0 = Debug|Any CPU
		{FE0D694D-C926-47F1-B803-24D950F081AF}.Release|Any CPU.ActiveCfg = Release|Any CPU
		{FE0D694D-C926-47F1-B803-24D950F081AF}.Release|Any CPU.Build.0 = Release|Any CPU
		{FE0D694D-C926-47F1-B803-24D950F081AF}.Release|x64.ActiveCfg = Release|Any CPU
		{FE0D694D-C926-47F1-B803-24D950F081AF}.Release|x64.Build.0 = Release|Any CPU
		{FE0D694D-C926-47F1-B803-24D950F081AF}.Release|x86.ActiveCfg = Release|Any CPU
		{FE0D694D-C926-47F1-B803-24D950F081AF}.Release|x86.Build.0 = Release|Any CPU
		{369DFD0D-5358-4440-8F27-49FD9FC288A7}.Debug|Any CPU.ActiveCfg = Debug|Any CPU
		{369DFD0D-5358-4440-8F27-49FD9FC288A7}.Debug|Any CPU.Build.0 = Debug|Any CPU
		{369DFD0D-5358-4440-8F27-49FD9FC288A7}.Debug|x64.ActiveCfg = Debug|Any CPU
		{369DFD0D-5358-4440-8F27-49FD9FC288A7}.Debug|x64.Build.0 = Debug|Any CPU
		{369DFD0D-5358-4440-8F27-49FD9FC288A7}.Debug|x86.ActiveCfg = Debug|Any CPU
		{369DFD0D-5358-4440-8F27-49FD9FC288A7}.Debug|x86.Build.0 = Debug|Any CPU
		{369DFD0D-5358-4440-8F27-49FD9FC288A7}.Release|Any CPU.ActiveCfg = Release|Any CPU
		{369DFD0D-5358-4440-8F27-49FD9FC288A7}.Release|Any CPU.Build.0 = Release|Any CPU
		{369DFD0D-5358-4440-8F27-49FD9FC288A7}.Release|x64.ActiveCfg = Release|Any CPU
		{369DFD0D-5358-4440-8F27-49FD9FC288A7}.Release|x64.Build.0 = Release|Any CPU
		{369DFD0D-5358-4440-8F27-49FD9FC288A7}.Release|x86.ActiveCfg = Release|Any CPU
		{369DFD0D-5358-4440-8F27-49FD9FC288A7}.Release|x86.Build.0 = Release|Any CPU
		{B6ED19F4-06B9-446A-A2D1-6064AA5AC641}.Debug|Any CPU.ActiveCfg = Debug|Any CPU
		{B6ED19F4-06B9-446A-A2D1-6064AA5AC641}.Debug|Any CPU.Build.0 = Debug|Any CPU
		{B6ED19F4-06B9-446A-A2D1-6064AA5AC641}.Debug|x64.ActiveCfg = Debug|Any CPU
		{B6ED19F4-06B9-446A-A2D1-6064AA5AC641}.Debug|x64.Build.0 = Debug|Any CPU
		{B6ED19F4-06B9-446A-A2D1-6064AA5AC641}.Debug|x86.ActiveCfg = Debug|Any CPU
		{B6ED19F4-06B9-446A-A2D1-6064AA5AC641}.Debug|x86.Build.0 = Debug|Any CPU
		{B6ED19F4-06B9-446A-A2D1-6064AA5AC641}.Release|Any CPU.ActiveCfg = Release|Any CPU
		{B6ED19F4-06B9-446A-A2D1-6064AA5AC641}.Release|Any CPU.Build.0 = Release|Any CPU
		{B6ED19F4-06B9-446A-A2D1-6064AA5AC641}.Release|x64.ActiveCfg = Release|Any CPU
		{B6ED19F4-06B9-446A-A2D1-6064AA5AC641}.Release|x64.Build.0 = Release|Any CPU
		{B6ED19F4-06B9-446A-A2D1-6064AA5AC641}.Release|x86.ActiveCfg = Release|Any CPU
		{B6ED19F4-06B9-446A-A2D1-6064AA5AC641}.Release|x86.Build.0 = Release|Any CPU
		{69D1888C-EAF2-4DF0-BCD1-0BB9A481E568}.Debug|Any CPU.ActiveCfg = Debug|Any CPU
		{69D1888C-EAF2-4DF0-BCD1-0BB9A481E568}.Debug|Any CPU.Build.0 = Debug|Any CPU
		{69D1888C-EAF2-4DF0-BCD1-0BB9A481E568}.Debug|x64.ActiveCfg = Debug|Any CPU
		{69D1888C-EAF2-4DF0-BCD1-0BB9A481E568}.Debug|x64.Build.0 = Debug|Any CPU
		{69D1888C-EAF2-4DF0-BCD1-0BB9A481E568}.Debug|x86.ActiveCfg = Debug|Any CPU
		{69D1888C-EAF2-4DF0-BCD1-0BB9A481E568}.Debug|x86.Build.0 = Debug|Any CPU
		{69D1888C-EAF2-4DF0-BCD1-0BB9A481E568}.Release|Any CPU.ActiveCfg = Release|Any CPU
		{69D1888C-EAF2-4DF0-BCD1-0BB9A481E568}.Release|Any CPU.Build.0 = Release|Any CPU
		{69D1888C-EAF2-4DF0-BCD1-0BB9A481E568}.Release|x64.ActiveCfg = Release|Any CPU
		{69D1888C-EAF2-4DF0-BCD1-0BB9A481E568}.Release|x64.Build.0 = Release|Any CPU
		{69D1888C-EAF2-4DF0-BCD1-0BB9A481E568}.Release|x86.ActiveCfg = Release|Any CPU
		{69D1888C-EAF2-4DF0-BCD1-0BB9A481E568}.Release|x86.Build.0 = Release|Any CPU
		{2C2EB367-DAE0-4DB0-9CA6-048D332DEDFB}.Debug|Any CPU.ActiveCfg = Debug|Any CPU
		{2C2EB367-DAE0-4DB0-9CA6-048D332DEDFB}.Debug|Any CPU.Build.0 = Debug|Any CPU
		{2C2EB367-DAE0-4DB0-9CA6-048D332DEDFB}.Debug|x64.ActiveCfg = Debug|Any CPU
		{2C2EB367-DAE0-4DB0-9CA6-048D332DEDFB}.Debug|x64.Build.0 = Debug|Any CPU
		{2C2EB367-DAE0-4DB0-9CA6-048D332DEDFB}.Debug|x86.ActiveCfg = Debug|Any CPU
		{2C2EB367-DAE0-4DB0-9CA6-048D332DEDFB}.Debug|x86.Build.0 = Debug|Any CPU
		{2C2EB367-DAE0-4DB0-9CA6-048D332DEDFB}.Release|Any CPU.ActiveCfg = Release|Any CPU
		{2C2EB367-DAE0-4DB0-9CA6-048D332DEDFB}.Release|Any CPU.Build.0 = Release|Any CPU
		{2C2EB367-DAE0-4DB0-9CA6-048D332DEDFB}.Release|x64.ActiveCfg = Release|Any CPU
		{2C2EB367-DAE0-4DB0-9CA6-048D332DEDFB}.Release|x64.Build.0 = Release|Any CPU
		{2C2EB367-DAE0-4DB0-9CA6-048D332DEDFB}.Release|x86.ActiveCfg = Release|Any CPU
		{2C2EB367-DAE0-4DB0-9CA6-048D332DEDFB}.Release|x86.Build.0 = Release|Any CPU
	EndGlobalSection
	GlobalSection(NestedProjects) = preSolution
		{6A431D66-F545-441A-82CD-5B85ADD0F7C0} = {E022C6AD-65E1-4C44-A463-02C4A74B8EF1}
		{DDA9C6FC-F823-4C19-8424-E2AA84BFFFF6} = {E022C6AD-65E1-4C44-A463-02C4A74B8EF1}
		{BE23CC93-43AC-4A50-926F-3786F5B4E70A} = {DD79A08C-010B-4EC8-895F-2AFEB2965E98}
		{FE0D694D-C926-47F1-B803-24D950F081AF} = {DD79A08C-010B-4EC8-895F-2AFEB2965E98}
		{369DFD0D-5358-4440-8F27-49FD9FC288A7} = {D7B10CEF-35E3-4555-9FD0-9D6D398A2E06}
		{B6ED19F4-06B9-446A-A2D1-6064AA5AC641} = {D7B10CEF-35E3-4555-9FD0-9D6D398A2E06}
		{69D1888C-EAF2-4DF0-BCD1-0BB9A481E568} = {90309E30-02DF-4E18-A43D-55438D7A521D}
		{2C2EB367-DAE0-4DB0-9CA6-048D332DEDFB} = {90309E30-02DF-4E18-A43D-55438D7A521D}
	EndGlobalSection
EndGlobal
