
Microsoft Visual Studio Solution File, Format Version 12.00
# Visual Studio 2013
VisualStudioVersion = 12.0.30723.0
MinimumVisualStudioVersion = 10.0.40219.1
Project("{F2A71F9B-5D33-465A-A702-920D77279786}") = "Application", "Application\Application.fsproj", "{1ECBF45C-466A-4559-A6CB-39DC98276749}"
EndProject
Project("{F2A71F9B-5D33-465A-A702-920D77279786}") = "Tests", "Tests\Tests.fsproj", "{4D88340D-47E1-4327-9BE6-413CEEDC29DC}"
EndProject
Global
	GlobalSection(SolutionConfigurationPlatforms) = preSolution
		Debug|Any CPU = Debug|Any CPU
		Release|Any CPU = Release|Any CPU
	EndGlobalSection
	GlobalSection(ProjectConfigurationPlatforms) = postSolution
		{1ECBF45C-466A-4559-A6CB-39DC98276749}.Debug|Any CPU.ActiveCfg = Debug|Any CPU
		{1ECBF45C-466A-4559-A6CB-39DC98276749}.Debug|Any CPU.Build.0 = Debug|Any CPU
		{1ECBF45C-466A-4559-A6CB-39DC98276749}.Release|Any CPU.ActiveCfg = Release|Any CPU
		{1ECBF45C-466A-4559-A6CB-39DC98276749}.Release|Any CPU.Build.0 = Release|Any CPU
		{4D88340D-47E1-4327-9BE6-413CEEDC29DC}.Debug|Any CPU.ActiveCfg = Debug|Any CPU
		{4D88340D-47E1-4327-9BE6-413CEEDC29DC}.Debug|Any CPU.Build.0 = Debug|Any CPU
		{4D88340D-47E1-4327-9BE6-413CEEDC29DC}.Release|Any CPU.ActiveCfg = Release|Any CPU
		{4D88340D-47E1-4327-9BE6-413CEEDC29DC}.Release|Any CPU.Build.0 = Release|Any CPU
	EndGlobalSection
	GlobalSection(SolutionProperties) = preSolution
		HideSolutionNode = FALSE
	EndGlobalSection
EndGlobal
