
Microsoft Visual Studio Solution File, Format Version 12.00
# Visual Studio 2013
VisualStudioVersion = 12.0.30723.0
MinimumVisualStudioVersion = 10.0.40219.1
Project("{F2A71F9B-5D33-465A-A702-920D77279786}") = "Application", "Application\Application.fsproj", "{1ECBF45C-466A-4559-A6CB-39DC98276749}"
EndProject
Project("{FAE04EC0-301F-11D3-BF4B-00C04F79EFBC}") = "CSharpWeb", "CSharpWeb\CSharpWeb.csproj", "{2106AC43-04D8-4183-8B77-917F8956132E}"
EndProject
Global
	GlobalSection(SolutionConfigurationPlatforms) = preSolution
		Debug|Any CPU = Debug|Any CPU
		Release|Any CPU = Release|Any CPU
	EndGlobalSection
	GlobalSection(ProjectConfigurationPlatforms) = postSolution
		{1ECBF45C-466A-4559-A6CB-39DC98276749}.Debug|Any CPU.ActiveCfg = Debug|Any CPU
		{1ECBF45C-466A-4559-A6CB-39DC98276749}.Debug|Any CPU.Build.0 = Debug|Any CPU
		{1ECBF45C-466A-4559-A6CB-39DC98276749}.Release|Any CPU.ActiveCfg = Release|Any CPU
		{1ECBF45C-466A-4559-A6CB-39DC98276749}.Release|Any CPU.Build.0 = Release|Any CPU
		{2106AC43-04D8-4183-8B77-917F8956132E}.Debug|Any CPU.ActiveCfg = Debug|Any CPU
		{2106AC43-04D8-4183-8B77-917F8956132E}.Debug|Any CPU.Build.0 = Debug|Any CPU
		{2106AC43-04D8-4183-8B77-917F8956132E}.Release|Any CPU.ActiveCfg = Release|Any CPU
		{2106AC43-04D8-4183-8B77-917F8956132E}.Release|Any CPU.Build.0 = Release|Any CPU
	EndGlobalSection
	GlobalSection(SolutionProperties) = preSolution
		HideSolutionNode = FALSE
	EndGlobalSection
EndGlobal
